schema: '2.0'
stages:
  train:
    cmd: python src/train.py
    deps:
    - path: data/negative
      hash: md5
      md5: 9594835a922ea97f0be685e8a322ef3f.dir
      size: 34156541
      nfiles: 563
    - path: data/positive
      hash: md5
      md5: 21f4a1c9fde31316dde377947ccbcb6f.dir
      size: 17148976
      nfiles: 441
    - path: src/train.py
      hash: md5
      md5: 0ee334ed24663b971c2e91f79097ed6d
      size: 2365
    outs:
    - path: metrics/metrics.json
      hash: md5
      md5: 1e514962f7c21d9fe705eb7c2531c330
      size: 167
    - path: models/model.pkl
      hash: md5
      md5: 19acb8e0547265b263de4fa90670697c
      size: 1151890
    - path: models/scaler.pkl
      hash: md5
      md5: 87542bdb5c75537e7e3fe268cfa5c885
      size: 1385
  evaluate:
    cmd: python src/evaluate.py
    deps:
    - path: data/negative
      hash: md5
      md5: 9594835a922ea97f0be685e8a322ef3f.dir
      size: 34156541
      nfiles: 563
    - path: data/positive
      hash: md5
      md5: 21f4a1c9fde31316dde377947ccbcb6f.dir
      size: 17148976
      nfiles: 441
    - path: models/model.pkl
      hash: md5
      md5: 19acb8e0547265b263de4fa90670697c
      size: 1151890
    - path: models/scaler.pkl
      hash: md5
      md5: 87542bdb5c75537e7e3fe268cfa5c885
      size: 1385
    - path: src/evaluate.py
      hash: md5
      md5: c0669eae838d06d71ec619f84a9c2c6b
      size: 2259
    outs:
    - path: metrics/eval_metrics.json
      hash: md5
      md5: fee058214222c7cbdd557ec7fac65d46
      size: 220
